
Microsoft Visual Studio Solution File, Format Version 12.00
# Visual Studio 15
Project("{FAE04EC0-301F-11D3-BF4B-00C04F79EFBC}") = "ForwardChaining", "ForwardChaining\ForwardChaining.csproj", "{DD2A4C30-24FD-45B5-BABC-94EDD7622243}"
EndProject
Global
	GlobalSection(SolutionConfigurationPlatforms) = preSolution
		Debug|anycpu = Debug|anycpu
		Release|anycpu = Release|anycpu
	EndGlobalSection
	GlobalSection(ProjectConfigurationPlatforms) = postSolution
		{DD2A4C30-24FD-45B5-BABC-94EDD7622243}.Debug|anycpu.ActiveCfg = Debug|anycpu
		{DD2A4C30-24FD-45B5-BABC-94EDD7622243}.Debug|anycpu.Build.0 = Debug|anycpu
		{DD2A4C30-24FD-45B5-BABC-94EDD7622243}.Release|anycpu.ActiveCfg = Release|anycpu
		{DD2A4C30-24FD-45B5-BABC-94EDD7622243}.Release|anycpu.Build.0 = Release|anycpu
	EndGlobalSection
EndGlobal
